{
    "_readme": [
        "This file locks the dependencies of your project to a known state",
        "Read more about it at https://getcomposer.org/doc/01-basic-usage.md#installing-dependencies",
        "This file is @generated automatically"
    ],
    "content-hash": "5269e6d1f08b7517d2afc70baa624027",
    "packages": [
        {
            "name": "spip/jquery_ui",
            "version": "1.11.4",
            "source": {
                "type": "git",
                "url": "https://git-spip.lerebooteux.fr/spip/jquery_ui.git",
                "reference": "ca77aa42e076166c595200905881afb3f74a3d5f"
            },
            "dist": {
                "type": "zip",
                "url": "https://composer-spip.lerebooteux.fr/files/spip/jquery_ui/spip-jquery_ui-1.11.4-29a507.zip",
                "reference": "ca77aa42e076166c595200905881afb3f74a3d5f",
                "shasum": "d69c775cba7ac7d35b5ddf205fd970d358534931"
            },
            "type": "spip-plugin",
            "license": [
                "GPL-3.0-or-later"
            ],
            "authors": [
                {
                    "name": "Collectif SPIP",
                    "email": "spip-dev@rezo.net"
                }
            ],
            "description": "Animations, effets et widgets jQuery",
            "time": "2018-06-07T06:18:40+00:00"
        },
        {
            "name": "spip/medias",
            "version": "2.11.44",
            "source": {
                "type": "git",
                "url": "https://git-spip.lerebooteux.fr/spip/medias.git",
                "reference": "cfece3ffae0949bf007df82e0ae0fbe04e19caa0"
            },
            "dist": {
                "type": "zip",
                "url": "https://composer-spip.lerebooteux.fr/files/spip/medias/spip-medias-2.11.44-b6b6ff.zip",
                "reference": "cfece3ffae0949bf007df82e0ae0fbe04e19caa0",
                "shasum": "44975f88478b05ff39d8bd5f0c19fbb6bdd34e97"
            },
            "type": "spip-plugin",
            "license": [
                "GPL-3.0-or-later"
            ],
            "authors": [
                {
                    "name": "Collectif SPIP",
                    "email": "spip-dev@rezo.net"
                }
            ],
            "description": "Gestion des medias dans SPIP",
            "time": "2018-06-07T06:02:07+00:00"
        },
        {
            "name": "spipremix/saisies",
            "version": "2.25.3",
            "source": {
                "type": "git",
                "url": "https://github.com/spipremix/saisies.git",
                "reference": "c0c83f33bbc5dc5dfe1e8d4112cd9768f3ea31e7"
            },
            "dist": {
                "type": "zip",
                "url": "https://api.github.com/repos/spipremix/saisies/zipball/c0c83f33bbc5dc5dfe1e8d4112cd9768f3ea31e7",
                "reference": "c0c83f33bbc5dc5dfe1e8d4112cd9768f3ea31e7",
                "shasum": ""
            },
            "type": "spip-plugin",
            "notification-url": "https://packagist.org/downloads/",
            "license": [
                "GPL-3.0-or-later"
            ],
            "authors": [
                {
                    "name": "Matthieu Marcillaud",
                    "email": "marcimat@rezo.net"
                },
                {
                    "name": "RastaPopoulos",
                    "email": "rastapopoulos@spip.org"
                },
                {
                    "name": "Joseph Larmarange",
                    "email": "joseph@larmarange.net"
                }
            ],
            "description": "Générer et manipuler plus facilement les champs des formulaires",
            "homepage": "https://contrib.spip.net/Saisies",
            "time": "2018-06-10T12:44:34+00:00"
        }
    ],
    "packages-dev": [],
    "aliases": [],
    "minimum-stability": "stable",
    "stability-flags": [],
    "prefer-stable": false,
    "prefer-lowest": false,
    "platform": [],
    "platform-dev": []
}
